<Solution>
  <Project Path="Zenject.csproj" />
  <Project Path="Zenject-IntegrationTests-Editor.csproj" />
  <Project Path="Zenject-ReflectionBaking-Editor.csproj" />
  <Project Path="LeanCommon.csproj" />
  <Project Path="Zenject-UnitTests-Editor.csproj" />
  <Project Path="Zenject-Editor.csproj" />
  <Project Path="Zenject-IntegrationTests.csproj" />
  <Project Path="Assembly-CSharp.csproj" />
  <Project Path="Assembly-CSharp-Editor.csproj" />
  <Project Path="CFXRRuntime.csproj" />
  <Project Path="FMODUnityResonanceEditor.csproj" />
  <Project Path="CFXRDemo.csproj" />
  <Project Path="CFXREditor.csproj" />
  <Project Path="CW.Common.csproj" />
  <Project Path="FMODUnityEditor.csproj" />
  <Project Path="Assembly-CSharp-firstpass.csproj" />
  <Project Path="FMODUnity.csproj" />
  <Project Path="Zenject-TestFramework.csproj" />
  <Project Path="FMODUnityHaptics.csproj" />
  <Project Path="KinoBloom.Runtime.csproj" />
  <Project Path="Zenject-PoolMonitor-Editor.csproj" />
  <Project Path="FMODUnityResonance.csproj" />
  <Project Path="CFXR.WelcomeScreen.csproj" />
  <Project Path="ToonyColorsPro.Demo.Editor.csproj" />
  <Project Path="LeanPool.csproj" />
</Solution>
